
Microsoft Visual Studio Solution File, Format Version 12.00
# Visual Studio Version 17
VisualStudioVersion = 17.10.34928.147
MinimumVisualStudioVersion = 10.0.40219.1
Project("{FAE04EC0-301F-11D3-BF4B-00C04F79EFBC}") = "TestRegionModule", "TestRegionModule\TestRegionModule.csproj", "{23F71306-D454-4279-B123-E59F3AF5B5F3}"
EndProject
Global
	GlobalSection(SolutionConfigurationPlatforms) = preSolution
		Debug|Any CPU = Debug|Any CPU
		Release|Any CPU = Release|Any CPU
	EndGlobalSection
	GlobalSection(ProjectConfigurationPlatforms) = postSolution
		{23F71306-D454-4279-B123-E59F3AF5B5F3}.Debug|Any CPU.ActiveCfg = Debug|Any CPU
		{23F71306-D454-4279-B123-E59F3AF5B5F3}.Debug|Any CPU.Build.0 = Debug|Any CPU
		{23F71306-D454-4279-B123-E59F3AF5B5F3}.Release|Any CPU.ActiveCfg = Release|Any CPU
		{23F71306-D454-4279-B123-E59F3AF5B5F3}.Release|Any CPU.Build.0 = Release|Any CPU
	EndGlobalSection
	GlobalSection(SolutionProperties) = preSolution
		HideSolutionNode = FALSE
	EndGlobalSection
	GlobalSection(ExtensibilityGlobals) = postSolution
		SolutionGuid = {CD4D264E-1DDA-4C65-A193-119814762EAE}
	EndGlobalSection
EndGlobal
